
Microsoft Visual Studio Solution File, Format Version 12.00
# Visual Studio 15
VisualStudioVersion = 15.0.26730.12
MinimumVisualStudioVersion = 10.0.40219.1
Project("{FAE04EC0-301F-11D3-BF4B-00C04F79EFBC}") = "Functionality", "Functionality\Functionality.csproj", "{F19A912F-06E1-40B3-9695-F4C744D4166A}"
EndProject
Project("{FAE04EC0-301F-11D3-BF4B-00C04F79EFBC}") = "Core", "Core\Core.csproj", "{05A5ECE9-7862-4264-9D89-54B5A90195CD}"
EndProject
Project("{FAE04EC0-301F-11D3-BF4B-00C04F79EFBC}") = "Platform", "Platform\Platform.csproj", "{93C865CB-F9A9-43B5-8F5F-24C8BAD4C730}"
EndProject
Global
	GlobalSection(SolutionConfigurationPlatforms) = preSolution
		Debug|Any CPU = Debug|Any CPU
		Release|Any CPU = Release|Any CPU
	EndGlobalSection
	GlobalSection(ProjectConfigurationPlatforms) = postSolution
		{F19A912F-06E1-40B3-9695-F4C744D4166A}.Debug|Any CPU.ActiveCfg = Debug|Any CPU
		{F19A912F-06E1-40B3-9695-F4C744D4166A}.Debug|Any CPU.Build.0 = Debug|Any CPU
		{F19A912F-06E1-40B3-9695-F4C744D4166A}.Release|Any CPU.ActiveCfg = Release|Any CPU
		{F19A912F-06E1-40B3-9695-F4C744D4166A}.Release|Any CPU.Build.0 = Release|Any CPU
		{05A5ECE9-7862-4264-9D89-54B5A90195CD}.Debug|Any CPU.ActiveCfg = Debug|Any CPU
		{05A5ECE9-7862-4264-9D89-54B5A90195CD}.Debug|Any CPU.Build.0 = Debug|Any CPU
		{05A5ECE9-7862-4264-9D89-54B5A90195CD}.Release|Any CPU.ActiveCfg = Release|Any CPU
		{05A5ECE9-7862-4264-9D89-54B5A90195CD}.Release|Any CPU.Build.0 = Release|Any CPU
		{93C865CB-F9A9-43B5-8F5F-24C8BAD4C730}.Debug|Any CPU.ActiveCfg = Debug|Any CPU
		{93C865CB-F9A9-43B5-8F5F-24C8BAD4C730}.Debug|Any CPU.Build.0 = Debug|Any CPU
		{93C865CB-F9A9-43B5-8F5F-24C8BAD4C730}.Release|Any CPU.ActiveCfg = Release|Any CPU
		{93C865CB-F9A9-43B5-8F5F-24C8BAD4C730}.Release|Any CPU.Build.0 = Release|Any CPU
	EndGlobalSection
	GlobalSection(SolutionProperties) = preSolution
		HideSolutionNode = FALSE
	EndGlobalSection
	GlobalSection(ExtensibilityGlobals) = postSolution
		SolutionGuid = {FC04726C-E24D-4C0A-9B99-01659DCFD885}
	EndGlobalSection
EndGlobal
